
Microsoft Visual Studio Solution File, Format Version 12.00
# Visual Studio Version 17
VisualStudioVersion = 17.6.33723.286
MinimumVisualStudioVersion = 10.0.40219.1
Project("{9A19103F-16F7-4668-BE54-9A1E7A4F7556}") = "ServerApp", "ServerApp\ServerApp.csproj", "{815D0016-1512-4893-B600-806FCF7E266C}"
EndProject
Project("{9A19103F-16F7-4668-BE54-9A1E7A4F7556}") = "CommonLib", "CommonLib\CommonLib.csproj", "{DAEA89AE-D4E7-45F4-A143-B77F7B9575CF}"
EndProject
Project("{9A19103F-16F7-4668-BE54-9A1E7A4F7556}") = "ClientApp", "ClientApp\ClientApp.csproj", "{52BDFAC2-8668-4E5E-A391-80D36193D8C1}"
EndProject
Global
	GlobalSection(SolutionConfigurationPlatforms) = preSolution
		Debug|Any CPU = Debug|Any CPU
		Release|Any CPU = Release|Any CPU
	EndGlobalSection
	GlobalSection(ProjectConfigurationPlatforms) = postSolution
		{815D0016-1512-4893-B600-806FCF7E266C}.Debug|Any CPU.ActiveCfg = Debug|Any CPU
		{815D0016-1512-4893-B600-806FCF7E266C}.Debug|Any CPU.Build.0 = Debug|Any CPU
		{815D0016-1512-4893-B600-806FCF7E266C}.Release|Any CPU.ActiveCfg = Release|Any CPU
		{815D0016-1512-4893-B600-806FCF7E266C}.Release|Any CPU.Build.0 = Release|Any CPU
		{DAEA89AE-D4E7-45F4-A143-B77F7B9575CF}.Debug|Any CPU.ActiveCfg = Debug|Any CPU
		{DAEA89AE-D4E7-45F4-A143-B77F7B9575CF}.Debug|Any CPU.Build.0 = Debug|Any CPU
		{DAEA89AE-D4E7-45F4-A143-B77F7B9575CF}.Release|Any CPU.ActiveCfg = Release|Any CPU
		{DAEA89AE-D4E7-45F4-A143-B77F7B9575CF}.Release|Any CPU.Build.0 = Release|Any CPU
		{52BDFAC2-8668-4E5E-A391-80D36193D8C1}.Debug|Any CPU.ActiveCfg = Debug|Any CPU
		{52BDFAC2-8668-4E5E-A391-80D36193D8C1}.Debug|Any CPU.Build.0 = Debug|Any CPU
		{52BDFAC2-8668-4E5E-A391-80D36193D8C1}.Release|Any CPU.ActiveCfg = Release|Any CPU
		{52BDFAC2-8668-4E5E-A391-80D36193D8C1}.Release|Any CPU.Build.0 = Release|Any CPU
	EndGlobalSection
	GlobalSection(SolutionProperties) = preSolution
		HideSolutionNode = FALSE
	EndGlobalSection
	GlobalSection(ExtensibilityGlobals) = postSolution
		SolutionGuid = {B4A8C90B-7010-4C8C-8A3B-C3E4C091DE35}
	EndGlobalSection
EndGlobal
